
Microsoft Visual Studio Solution File, Format Version 12.00
# Visual Studio 15
VisualStudioVersion = 15.0.27428.2037
MinimumVisualStudioVersion = 10.0.40219.1
Project("{FAE04EC0-301F-11D3-BF4B-00C04F79EFBC}") = "스레드", "스레드\스레드.csproj", "{0DD27489-3BD8-41BF-B925-5102E326EB8E}"
EndProject
Global
	GlobalSection(SolutionConfigurationPlatforms) = preSolution
		Debug|Any CPU = Debug|Any CPU
		Release|Any CPU = Release|Any CPU
	EndGlobalSection
	GlobalSection(ProjectConfigurationPlatforms) = postSolution
		{0DD27489-3BD8-41BF-B925-5102E326EB8E}.Debug|Any CPU.ActiveCfg = Debug|Any CPU
		{0DD27489-3BD8-41BF-B925-5102E326EB8E}.Debug|Any CPU.Build.0 = Debug|Any CPU
		{0DD27489-3BD8-41BF-B925-5102E326EB8E}.Release|Any CPU.ActiveCfg = Release|Any CPU
		{0DD27489-3BD8-41BF-B925-5102E326EB8E}.Release|Any CPU.Build.0 = Release|Any CPU
	EndGlobalSection
	GlobalSection(SolutionProperties) = preSolution
		HideSolutionNode = FALSE
	EndGlobalSection
	GlobalSection(ExtensibilityGlobals) = postSolution
		SolutionGuid = {F6418EA0-7F2C-4F12-9ACA-6EA1DB71FC86}
	EndGlobalSection
EndGlobal
