
Microsoft Visual Studio Solution File, Format Version 12.00
# Visual Studio 15
VisualStudioVersion = 15.0.27130.2027
MinimumVisualStudioVersion = 10.0.40219.1
Project("{FAE04EC0-301F-11D3-BF4B-00C04F79EFBC}") = "탐색기만들기", "탐색기만들기\탐색기만들기.csproj", "{90F34B61-68B7-4692-824D-284710E4283A}"
EndProject
Global
	GlobalSection(SolutionConfigurationPlatforms) = preSolution
		Debug|Any CPU = Debug|Any CPU
		Release|Any CPU = Release|Any CPU
	EndGlobalSection
	GlobalSection(ProjectConfigurationPlatforms) = postSolution
		{90F34B61-68B7-4692-824D-284710E4283A}.Debug|Any CPU.ActiveCfg = Debug|Any CPU
		{90F34B61-68B7-4692-824D-284710E4283A}.Debug|Any CPU.Build.0 = Debug|Any CPU
		{90F34B61-68B7-4692-824D-284710E4283A}.Release|Any CPU.ActiveCfg = Release|Any CPU
		{90F34B61-68B7-4692-824D-284710E4283A}.Release|Any CPU.Build.0 = Release|Any CPU
	EndGlobalSection
	GlobalSection(SolutionProperties) = preSolution
		HideSolutionNode = FALSE
	EndGlobalSection
	GlobalSection(ExtensibilityGlobals) = postSolution
		SolutionGuid = {BFCA4149-9E6F-42A3-AD9A-E6BAF304A3B1}
	EndGlobalSection
EndGlobal
