
Microsoft Visual Studio Solution File, Format Version 12.00
# Visual Studio 15
VisualStudioVersion = 15.0.28010.2026
MinimumVisualStudioVersion = 10.0.40219.1
Project("{8BC9CEB8-8B4A-11D0-8D11-00A0C91BC942}") = "LightingBunny", "LightingBunny\LightingBunny.vcxproj", "{C2ECDF93-D06D-4E2C-AC43-76AD949B39D1}"
EndProject
Global
	GlobalSection(SolutionConfigurationPlatforms) = preSolution
		Debug|x64 = Debug|x64
		Debug|x86 = Debug|x86
		Release|x64 = Release|x64
		Release|x86 = Release|x86
	EndGlobalSection
	GlobalSection(ProjectConfigurationPlatforms) = postSolution
		{C2ECDF93-D06D-4E2C-AC43-76AD949B39D1}.Debug|x64.ActiveCfg = Debug|x64
		{C2ECDF93-D06D-4E2C-AC43-76AD949B39D1}.Debug|x64.Build.0 = Debug|x64
		{C2ECDF93-D06D-4E2C-AC43-76AD949B39D1}.Debug|x86.ActiveCfg = Debug|Win32
		{C2ECDF93-D06D-4E2C-AC43-76AD949B39D1}.Debug|x86.Build.0 = Debug|Win32
		{C2ECDF93-D06D-4E2C-AC43-76AD949B39D1}.Release|x64.ActiveCfg = Release|x64
		{C2ECDF93-D06D-4E2C-AC43-76AD949B39D1}.Release|x64.Build.0 = Release|x64
		{C2ECDF93-D06D-4E2C-AC43-76AD949B39D1}.Release|x86.ActiveCfg = Release|Win32
		{C2ECDF93-D06D-4E2C-AC43-76AD949B39D1}.Release|x86.Build.0 = Release|Win32
	EndGlobalSection
	GlobalSection(SolutionProperties) = preSolution
		HideSolutionNode = FALSE
	EndGlobalSection
	GlobalSection(ExtensibilityGlobals) = postSolution
		SolutionGuid = {8234F95B-6CE0-43E9-9EAC-79035E017D22}
	EndGlobalSection
EndGlobal
